
Microsoft Visual Studio Solution File, Format Version 12.00
# Visual Studio Version 17
VisualStudioVersion = 17.11.35312.102
MinimumVisualStudioVersion = 10.0.40219.1
Project("{9A19103F-16F7-4668-BE54-9A1E7A4F7556}") = "CaseStudyQuitQ", "CaseStudyQuitQ.csproj", "{CAE6B61B-789B-4457-852E-730F440020D3}"
EndProject
Project("{FAE04EC0-301F-11D3-BF4B-00C04F79EFBC}") = "QuitQTest", "..\QuitQTest\QuitQTest.csproj", "{98868125-C5DC-4C83-A205-BF802799BFBB}"
EndProject
Global
	GlobalSection(SolutionConfigurationPlatforms) = preSolution
		Debug|Any CPU = Debug|Any CPU
		Release|Any CPU = Release|Any CPU
	EndGlobalSection
	GlobalSection(ProjectConfigurationPlatforms) = postSolution
		{CAE6B61B-789B-4457-852E-730F440020D3}.Debug|Any CPU.ActiveCfg = Debug|Any CPU
		{CAE6B61B-789B-4457-852E-730F440020D3}.Debug|Any CPU.Build.0 = Debug|Any CPU
		{CAE6B61B-789B-4457-852E-730F440020D3}.Release|Any CPU.ActiveCfg = Release|Any CPU
		{CAE6B61B-789B-4457-852E-730F440020D3}.Release|Any CPU.Build.0 = Release|Any CPU
		{98868125-C5DC-4C83-A205-BF802799BFBB}.Debug|Any CPU.ActiveCfg = Debug|Any CPU
		{98868125-C5DC-4C83-A205-BF802799BFBB}.Debug|Any CPU.Build.0 = Debug|Any CPU
		{98868125-C5DC-4C83-A205-BF802799BFBB}.Release|Any CPU.ActiveCfg = Release|Any CPU
		{98868125-C5DC-4C83-A205-BF802799BFBB}.Release|Any CPU.Build.0 = Release|Any CPU
	EndGlobalSection
	GlobalSection(SolutionProperties) = preSolution
		HideSolutionNode = FALSE
	EndGlobalSection
	GlobalSection(ExtensibilityGlobals) = postSolution
		SolutionGuid = {BF8D8BD0-0262-46E6-8877-D0EE8F55A4BF}
	EndGlobalSection
EndGlobal
